// !$*UTF8*$!
{
	archiveVersion = 1;
	classes = {
	};
	objectVersion = 46;
	objects = {

/* Begin PBXBuildFile section */
		E655353916708F9400DE61F6 /* UIKit.framework in Frameworks */ = {isa = PBXBuildFile; fileRef = E655353816708F9400DE61F6 /* UIKit.framework */; };
		E655353B16708F9400DE61F6 /* Foundation.framework in Frameworks */ = {isa = PBXBuildFile; fileRef = E655353A16708F9400DE61F6 /* Foundation.framework */; };
		E655353D16708F9400DE61F6 /* CoreGraphics.framework in Frameworks */ = {isa = PBXBuildFile; fileRef = E655353C16708F9400DE61F6 /* CoreGraphics.framework */; };
		E655354316708F9400DE61F6 /* InfoPlist.strings in Resources */ = {isa = PBXBuildFile; fileRef = E655354116708F9400DE61F6 /* InfoPlist.strings */; };
		E655354516708F9400DE61F6 /* main.m in Sources */ = {isa = PBXBuildFile; fileRef = E655354416708F9400DE61F6 /* main.m */; };
		E655354916708F9400DE61F6 /* AppDelegate.m in Sources */ = {isa = PBXBuildFile; fileRef = E655354816708F9400DE61F6 /* AppDelegate.m */; };
		E655354C16708F9400DE61F6 /* ViewController.m in Sources */ = {isa = PBXBuildFile; fileRef = E655354B16708F9400DE61F6 /* ViewController.m */; };
		E655354F16708F9400DE61F6 /* ViewController.xib in Resources */ = {isa = PBXBuildFile; fileRef = E655354D16708F9400DE61F6 /* ViewController.xib */; };
/* End PBXBuildFile section */

/* Begin PBXFileReference section */
		E655353416708F9400DE61F6 /* button press.app */ = {isa = PBXFileReference; explicitFileType = wrapper.application; includeInIndex = 0; path = "button press.app"; sourceTree = BUILT_PRODUCTS_DIR; };
		E655353816708F9400DE61F6 /* UIKit.framework */ = {isa = PBXFileReference; lastKnownFileType = wrapper.framework; name = UIKit.framework; path = System/Library/Frameworks/UIKit.framework; sourceTree = SDKROOT; };
		E655353A16708F9400DE61F6 /* Foundation.framework */ = {isa = PBXFileReference; lastKnownFileType = wrapper.framework; name = Foundation.framework; path = System/Library/Frameworks/Foundation.framework; sourceTree = SDKROOT; };
		E655353C16708F9400DE61F6 /* CoreGraphics.framework */ = {isa = PBXFileReference; lastKnownFileType = wrapper.framework; name = CoreGraphics.framework; path = System/Library/Frameworks/CoreGraphics.framework; sourceTree = SDKROOT; };
		E655354016708F9400DE61F6 /* button press-Info.plist */ = {isa = PBXFileReference; lastKnownFileType = text.plist.xml; path = "button press-Info.plist"; sourceTree = "<group>"; };
		E655354216708F9400DE61F6 /* en */ = {isa = PBXFileReference; lastKnownFileType = text.plist.strings; name = en; path = en.lproj/InfoPlist.strings; sourceTree = "<group>"; };
		E655354416708F9400DE61F6 /* main.m */ = {isa = PBXFileReference; lastKnownFileType = sourcecode.c.objc; path = main.m; sourceTree = "<group>"; };
		E655354616708F9400DE61F6 /* button press-Prefix.pch */ = {isa = PBXFileReference; lastKnownFileType = sourcecode.c.h; path = "button press-Prefix.pch"; sourceTree = "<group>"; };
		E655354716708F9400DE61F6 /* AppDelegate.h */ = {isa = PBXFileReference; lastKnownFileType = sourcecode.c.h; path = AppDelegate.h; sourceTree = "<group>"; };
		E655354816708F9400DE61F6 /* AppDelegate.m */ = {isa = PBXFileReference; lastKnownFileType = sourcecode.c.objc; path = AppDelegate.m; sourceTree = "<group>"; };
		E655354A16708F9400DE61F6 /* ViewController.h */ = {isa = PBXFileReference; lastKnownFileType = sourcecode.c.h; path = ViewController.h; sourceTree = "<group>"; };
		E655354B16708F9400DE61F6 /* ViewController.m */ = {isa = PBXFileReference; lastKnownFileType = sourcecode.c.objc; path = ViewController.m; sourceTree = "<group>"; };
		E655354E16708F9400DE61F6 /* en */ = {isa = PBXFileReference; lastKnownFileType = file.xib; name = en; path = en.lproj/ViewController.xib; sourceTree = "<group>"; };
/* End PBXFileReference section */

/* Begin PBXFrameworksBuildPhase section */
		E655353116708F9400DE61F6 /* Frameworks */ = {
			isa = PBXFrameworksBuildPhase;
			buildActionMask = 2147483647;
			files = (
				E655353916708F9400DE61F6 /* UIKit.framework in Frameworks */,
				E655353B16708F9400DE61F6 /* Foundation.framework in Frameworks */,
				E655353D16708F9400DE61F6 /* CoreGraphics.framework in Frameworks */,
			);
			runOnlyForDeploymentPostprocessing = 0;
		};
/* End PBXFrameworksBuildPhase section */

/* Begin PBXGroup section */
		E655352916708F9400DE61F6 = {
			isa = PBXGroup;
			children = (
				E655353E16708F9400DE61F6 /* button press */,
				E655353716708F9400DE61F6 /* Frameworks */,
				E655353516708F9400DE61F6 /* Products */,
			);
			sourceTree = "<group>";
		};
		E655353516708F9400DE61F6 /* Products */ = {
			isa = PBXGroup;
			children = (
				E655353416708F9400DE61F6 /* button press.app */,
			);
			name = Products;
			sourceTree = "<group>";
		};
		E655353716708F9400DE61F6 /* Frameworks */ = {
			isa = PBXGroup;
			children = (
				E655353816708F9400DE61F6 /* UIKit.framework */,
				E655353A16708F9400DE61F6 /* Foundation.framework */,
				E655353C16708F9400DE61F6 /* CoreGraphics.framework */,
			);
			name = Frameworks;
			sourceTree = "<group>";
		};
		E655353E16708F9400DE61F6 /* button press */ = {
			isa = PBXGroup;
			children = (
				E655354716708F9400DE61F6 /* AppDelegate.h */,
				E655354816708F9400DE61F6 /* AppDelegate.m */,
				E655354A16708F9400DE61F6 /* ViewController.h */,
				E655354B16708F9400DE61F6 /* ViewController.m */,
				E655354D16708F9400DE61F6 /* ViewController.xib */,
				E655353F16708F9400DE61F6 /* Supporting Files */,
			);
			path = "button press";
			sourceTree = "<group>";
		};
		E655353F16708F9400DE61F6 /* Supporting Files */ = {
			isa = PBXGroup;
			children = (
				E655354016708F9400DE61F6 /* button press-Info.plist */,
				E655354116708F9400DE61F6 /* InfoPlist.strings */,
				E655354416708F9400DE61F6 /* main.m */,
				E655354616708F9400DE61F6 /* button press-Prefix.pch */,
			);
			name = "Supporting Files";
			sourceTree = "<group>";
		};
/* End PBXGroup section */

/* Begin PBXNativeTarget section */
		E655353316708F9400DE61F6 /* button press */ = {
			isa = PBXNativeTarget;
			buildConfigurationList = E655355216708F9400DE61F6 /* Build configuration list for PBXNativeTarget "button press" */;
			buildPhases = (
				E655353016708F9400DE61F6 /* Sources */,
				E655353116708F9400DE61F6 /* Frameworks */,
				E655353216708F9400DE61F6 /* Resources */,
			);
			buildRules = (
			);
			dependencies = (
			);
			name = "button press";
			productName = "button press";
			productReference = E655353416708F9400DE61F6 /* button press.app */;
			productType = "com.apple.product-type.application";
		};
/* End PBXNativeTarget section */

/* Begin PBXProject section */
		E655352B16708F9400DE61F6 /* Project object */ = {
			isa = PBXProject;
			attributes = {
				LastUpgradeCheck = 0420;
				ORGANIZATIONNAME = "呼喊";
			};
			buildConfigurationList = E655352E16708F9400DE61F6 /* Build configuration list for PBXProject "button press" */;
			compatibilityVersion = "Xcode 3.2";
			developmentRegion = English;
			hasScannedForEncodings = 0;
			knownRegions = (
				en,
			);
			mainGroup = E655352916708F9400DE61F6;
			productRefGroup = E655353516708F9400DE61F6 /* Products */;
			projectDirPath = "";
			projectRoot = "";
			targets = (
				E655353316708F9400DE61F6 /* button press */,
			);
		};
/* End PBXProject section */

/* Begin PBXResourcesBuildPhase section */
		E655353216708F9400DE61F6 /* Resources */ = {
			isa = PBXResourcesBuildPhase;
			buildActionMask = 2147483647;
			files = (
				E655354316708F9400DE61F6 /* InfoPlist.strings in Resources */,
				E655354F16708F9400DE61F6 /* ViewController.xib in Resources */,
			);
			runOnlyForDeploymentPostprocessing = 0;
		};
/* End PBXResourcesBuildPhase section */

/* Begin PBXSourcesBuildPhase section */
		E655353016708F9400DE61F6 /* Sources */ = {
			isa = PBXSourcesBuildPhase;
			buildActionMask = 2147483647;
			files = (
				E655354516708F9400DE61F6 /* main.m in Sources */,
				E655354916708F9400DE61F6 /* AppDelegate.m in Sources */,
				E655354C16708F9400DE61F6 /* ViewController.m in Sources */,
			);
			runOnlyForDeploymentPostprocessing = 0;
		};
/* End PBXSourcesBuildPhase section */

/* Begin PBXVariantGroup section */
		E655354116708F9400DE61F6 /* InfoPlist.strings */ = {
			isa = PBXVariantGroup;
			children = (
				E655354216708F9400DE61F6 /* en */,
			);
			name = InfoPlist.strings;
			sourceTree = "<group>";
		};
		E655354D16708F9400DE61F6 /* ViewController.xib */ = {
			isa = PBXVariantGroup;
			children = (
				E655354E16708F9400DE61F6 /* en */,
			);
			name = ViewController.xib;
			sourceTree = "<group>";
		};
/* End PBXVariantGroup section */

/* Begin XCBuildConfiguration section */
		E655355016708F9400DE61F6 /* Debug */ = {
			isa = XCBuildConfiguration;
			buildSettings = {
				ALWAYS_SEARCH_USER_PATHS = NO;
				ARCHS = "$(ARCHS_STANDARD_32_BIT)";
				CLANG_ENABLE_OBJC_ARC = YES;
				"CODE_SIGN_IDENTITY[sdk=iphoneos*]" = "iPhone Developer";
				COPY_PHASE_STRIP = NO;
				GCC_C_LANGUAGE_STANDARD = gnu99;
				GCC_DYNAMIC_NO_PIC = NO;
				GCC_OPTIMIZATION_LEVEL = 0;
				GCC_PREPROCESSOR_DEFINITIONS = (
					"DEBUG=1",
					"$(inherited)",
				);
				GCC_SYMBOLS_PRIVATE_EXTERN = NO;
				GCC_VERSION = com.apple.compilers.llvm.clang.1_0;
				GCC_WARN_ABOUT_MISSING_PROTOTYPES = YES;
				GCC_WARN_ABOUT_RETURN_TYPE = YES;
				GCC_WARN_UNUSED_VARIABLE = YES;
				IPHONEOS_DEPLOYMENT_TARGET = 5.0;
				SDKROOT = iphoneos;
			};
			name = Debug;
		};
		E655355116708F9400DE61F6 /* Release */ = {
			isa = XCBuildConfiguration;
			buildSettings = {
				ALWAYS_SEARCH_USER_PATHS = NO;
				ARCHS = "$(ARCHS_STANDARD_32_BIT)";
				CLANG_ENABLE_OBJC_ARC = YES;
				"CODE_SIGN_IDENTITY[sdk=iphoneos*]" = "iPhone Developer";
				COPY_PHASE_STRIP = YES;
				GCC_C_LANGUAGE_STANDARD = gnu99;
				GCC_VERSION = com.apple.compilers.llvm.clang.1_0;
				GCC_WARN_ABOUT_MISSING_PROTOTYPES = YES;
				GCC_WARN_ABOUT_RETURN_TYPE = YES;
				GCC_WARN_UNUSED_VARIABLE = YES;
				IPHONEOS_DEPLOYMENT_TARGET = 5.0;
				OTHER_CFLAGS = "-DNS_BLOCK_ASSERTIONS=1";
				SDKROOT = iphoneos;
				VALIDATE_PRODUCT = YES;
			};
			name = Release;
		};
		E655355316708F9400DE61F6 /* Debug */ = {
			isa = XCBuildConfiguration;
			buildSettings = {
				GCC_PRECOMPILE_PREFIX_HEADER = YES;
				GCC_PREFIX_HEADER = "button press/button press-Prefix.pch";
				INFOPLIST_FILE = "button press/button press-Info.plist";
				PRODUCT_NAME = "$(TARGET_NAME)";
				WRAPPER_EXTENSION = app;
			};
			name = Debug;
		};
		E655355416708F9400DE61F6 /* Release */ = {
			isa = XCBuildConfiguration;
			buildSettings = {
				GCC_PRECOMPILE_PREFIX_HEADER = YES;
				GCC_PREFIX_HEADER = "button press/button press-Prefix.pch";
				INFOPLIST_FILE = "button press/button press-Info.plist";
				PRODUCT_NAME = "$(TARGET_NAME)";
				WRAPPER_EXTENSION = app;
			};
			name = Release;
		};
/* End XCBuildConfiguration section */

/* Begin XCConfigurationList section */
		E655352E16708F9400DE61F6 /* Build configuration list for PBXProject "button press" */ = {
			isa = XCConfigurationList;
			buildConfigurations = (
				E655355016708F9400DE61F6 /* Debug */,
				E655355116708F9400DE61F6 /* Release */,
			);
			defaultConfigurationIsVisible = 0;
			defaultConfigurationName = Release;
		};
		E655355216708F9400DE61F6 /* Build configuration list for PBXNativeTarget "button press" */ = {
			isa = XCConfigurationList;
			buildConfigurations = (
				E655355316708F9400DE61F6 /* Debug */,
				E655355416708F9400DE61F6 /* Release */,
			);
			defaultConfigurationIsVisible = 0;
		};
/* End XCConfigurationList section */
	};
	rootObject = E655352B16708F9400DE61F6 /* Project object */;
}
